PODS:
  - Flutter (1.0.0)
  - root_tester (0.0.1):
    - Flutter

DEPENDENCIES:
  - Flutter (from `Flutter`)
  - root_tester (from `.symlinks/plugins/root_tester/ios`)

EXTERNAL SOURCES:
  Flutter:
    :path: Flutter
  root_tester:
    :path: ".symlinks/plugins/root_tester/ios"

SPEC CHECKSUMS:
  Flutter: 50d75fe2f02b26cc09d224853bb45737f8b3214a
  root_tester: 6eaef633f42e46427fbf26420d93b5598c0423ad

PODFILE CHECKSUM: 8e679eca47255a8ca8067c4c67aab20e64cb974d

COCOAPODS: 1.10.1
